
Microsoft Visual Studio Solution File, Format Version 12.00
# Visual Studio Version 17
VisualStudioVersion = 17.3.32901.215
MinimumVisualStudioVersion = 10.0.40219.1
Project("{9A19103F-16F7-4668-BE54-9A1E7A4F7556}") = "WebApi", "WebApi\WebApi.csproj", "{909E1225-FC89-4119-A42B-2B3F6266A7BD}"
EndProject
Project("{E53339B2-1760-4266-BCC7-CA923CBCF16C}") = "docker-compose", "docker-compose.dcproj", "{60277B99-5851-42D2-AF3E-31A99BFF3441}"
EndProject
Project("{9A19103F-16F7-4668-BE54-9A1E7A4F7556}") = "Domain", "Domain\Domain.csproj", "{965AFC6A-B3CD-45EB-92B6-4BE513E4A779}"
EndProject
Project("{9A19103F-16F7-4668-BE54-9A1E7A4F7556}") = "Application", "Application\Application.csproj", "{A13D89D9-ABA5-4675-8289-E7C6F0C377B2}"
EndProject
Project("{9A19103F-16F7-4668-BE54-9A1E7A4F7556}") = "Data", "Data\Data.csproj", "{4967DABC-445A-4C4C-B3A1-02E701588C3D}"
EndProject
Global
	GlobalSection(SolutionConfigurationPlatforms) = preSolution
		Debug|Any CPU = Debug|Any CPU
		Release|Any CPU = Release|Any CPU
	EndGlobalSection
	GlobalSection(ProjectConfigurationPlatforms) = postSolution
		{909E1225-FC89-4119-A42B-2B3F6266A7BD}.Debug|Any CPU.ActiveCfg = Debug|Any CPU
		{909E1225-FC89-4119-A42B-2B3F6266A7BD}.Debug|Any CPU.Build.0 = Debug|Any CPU
		{909E1225-FC89-4119-A42B-2B3F6266A7BD}.Release|Any CPU.ActiveCfg = Release|Any CPU
		{909E1225-FC89-4119-A42B-2B3F6266A7BD}.Release|Any CPU.Build.0 = Release|Any CPU
		{60277B99-5851-42D2-AF3E-31A99BFF3441}.Debug|Any CPU.ActiveCfg = Debug|Any CPU
		{60277B99-5851-42D2-AF3E-31A99BFF3441}.Debug|Any CPU.Build.0 = Debug|Any CPU
		{60277B99-5851-42D2-AF3E-31A99BFF3441}.Release|Any CPU.ActiveCfg = Release|Any CPU
		{60277B99-5851-42D2-AF3E-31A99BFF3441}.Release|Any CPU.Build.0 = Release|Any CPU
		{965AFC6A-B3CD-45EB-92B6-4BE513E4A779}.Debug|Any CPU.ActiveCfg = Debug|Any CPU
		{965AFC6A-B3CD-45EB-92B6-4BE513E4A779}.Debug|Any CPU.Build.0 = Debug|Any CPU
		{965AFC6A-B3CD-45EB-92B6-4BE513E4A779}.Release|Any CPU.ActiveCfg = Release|Any CPU
		{965AFC6A-B3CD-45EB-92B6-4BE513E4A779}.Release|Any CPU.Build.0 = Release|Any CPU
		{A13D89D9-ABA5-4675-8289-E7C6F0C377B2}.Debug|Any CPU.ActiveCfg = Debug|Any CPU
		{A13D89D9-ABA5-4675-8289-E7C6F0C377B2}.Debug|Any CPU.Build.0 = Debug|Any CPU
		{A13D89D9-ABA5-4675-8289-E7C6F0C377B2}.Release|Any CPU.ActiveCfg = Release|Any CPU
		{A13D89D9-ABA5-4675-8289-E7C6F0C377B2}.Release|Any CPU.Build.0 = Release|Any CPU
		{4967DABC-445A-4C4C-B3A1-02E701588C3D}.Debug|Any CPU.ActiveCfg = Debug|Any CPU
		{4967DABC-445A-4C4C-B3A1-02E701588C3D}.Debug|Any CPU.Build.0 = Debug|Any CPU
		{4967DABC-445A-4C4C-B3A1-02E701588C3D}.Release|Any CPU.ActiveCfg = Release|Any CPU
		{4967DABC-445A-4C4C-B3A1-02E701588C3D}.Release|Any CPU.Build.0 = Release|Any CPU
	EndGlobalSection
	GlobalSection(SolutionProperties) = preSolution
		HideSolutionNode = FALSE
	EndGlobalSection
	GlobalSection(ExtensibilityGlobals) = postSolution
		SolutionGuid = {33755A2E-58A7-427D-83CB-582511BF63B0}
	EndGlobalSection
EndGlobal
